<?xml version="1.0" encoding="utf-8"?>
<Project ToolsVersion="4.0" xmlns="http://schemas.microsoft.com/developer/msbuild/2003">
  <ItemGroup>
    <ClCompile Include="Library\App.cpp">
      <Filter>Library</Filter>
    </ClCompile>
    <ClCompile Include="Library\main.cpp">
      <Filter>Library</Filter>
    </ClCompile>
    <ClCompile Include="Source\BootScene.cpp">
      <Filter>BootScene</Filter>
    </ClCompile>
    <ClCompile Include="Source\TitleScene.cpp">
      <Filter>Scene\[01]TitleScene</Filter>
    </ClCompile>
    <ClCompile Include="Source\PlayScene.cpp">
      <Filter>Scene\[04]PlayScene</Filter>
    </ClCompile>
    <ClCompile Include="ImGui\imgui.cpp">
      <Filter>ImGui</Filter>
    </ClCompile>
    <ClCompile Include="ImGui\imgui_draw.cpp">
      <Filter>ImGui</Filter>
    </ClCompile>
    <ClCompile Include="ImGui\imgui_impl_dx9.cpp">
      <Filter>ImGui</Filter>
    </ClCompile>
    <ClCompile Include="ImGui\imgui_impl_dx11.cpp">
      <Filter>ImGui</Filter>
    </ClCompile>
    <ClCompile Include="ImGui\imgui_impl_win32.cpp">
      <Filter>ImGui</Filter>
    </ClCompile>
    <ClCompile Include="ImGui\imgui_ja_gryph_ranges.cpp">
      <Filter>ImGui</Filter>
    </ClCompile>
    <ClCompile Include="ImGui\imgui_tables.cpp">
      <Filter>ImGui</Filter>
    </ClCompile>
    <ClCompile Include="ImGui\imgui_widgets.cpp">
      <Filter>ImGui</Filter>
    </ClCompile>
    <ClCompile Include="Library\ObjectManager.cpp">
      <Filter>Library</Filter>
    </ClCompile>
    <ClCompile Include="Library\SceneManager.cpp">
      <Filter>Library</Filter>
    </ClCompile>
    <ClCompile Include="Library\Time.cpp">
      <Filter>Library</Filter>
    </ClCompile>
    <ClCompile Include="Library\Input.cpp">
      <Filter>Library</Filter>
    </ClCompile>
    <ClCompile Include="Source\newFile.cpp" />
    <ClCompile Include="Library\Object2D.cpp">
      <Filter>Library</Filter>
    </ClCompile>
    <ClCompile Include="Library\CsvReader.cpp">
      <Filter>Library</Filter>
    </ClCompile>
    <ClCompile Include="Source\TestScene.cpp">
      <Filter>Scene\[00]TestScene</Filter>
    </ClCompile>
    <ClCompile Include="Source\SceneFactory.cpp">
      <Filter>BootScene</Filter>
    </ClCompile>
    <ClCompile Include="Library\GuiButton.cpp">
      <Filter>Library</Filter>
    </ClCompile>
    <ClCompile Include="Source\SettingScene.cpp">
      <Filter>Scene\SettingScene</Filter>
    </ClCompile>
    <ClCompile Include="Source\SettingPanel.cpp">
      <Filter>Scene\SettingScene</Filter>
    </ClCompile>
    <ClCompile Include="Source\Stage.cpp">
      <Filter>Scene\[04]PlayScene</Filter>
    </ClCompile>
    <ClCompile Include="Source\Ball2D.cpp">
      <Filter>Scene\[04]PlayScene</Filter>
    </ClCompile>
    <ClCompile Include="Source\ClearScene.cpp">
      <Filter>Scene\[09]ClearScene</Filter>
    </ClCompile>
    <ClCompile Include="Source\StageGimmick.cpp">
      <Filter>Scene\[04]PlayScene</Filter>
    </ClCompile>
  </ItemGroup>
  <ItemGroup>
    <ClInclude Include="Source\Screen.h" />
    <ClInclude Include="Library\App.h">
      <Filter>Library</Filter>
    </ClInclude>
    <ClInclude Include="Library\SceneBase.h">
      <Filter>Library</Filter>
    </ClInclude>
    <ClInclude Include="Library\GameObject.h">
      <Filter>Library</Filter>
    </ClInclude>
    <ClInclude Include="Source\BootScene.h">
      <Filter>BootScene</Filter>
    </ClInclude>
    <ClInclude Include="Source\TitleScene.h">
      <Filter>Scene\[01]TitleScene</Filter>
    </ClInclude>
    <ClInclude Include="Source\PlayScene.h">
      <Filter>Scene\[04]PlayScene</Filter>
    </ClInclude>
    <ClInclude Include="ImGui\imconfig.h">
      <Filter>ImGui</Filter>
    </ClInclude>
    <ClInclude Include="ImGui\imgui.h">
      <Filter>ImGui</Filter>
    </ClInclude>
    <ClInclude Include="ImGui\imgui_impl_dx9.h">
      <Filter>ImGui</Filter>
    </ClInclude>
    <ClInclude Include="ImGui\imgui_impl_dx11.h">
      <Filter>ImGui</Filter>
    </ClInclude>
    <ClInclude Include="ImGui\imgui_impl_dxlib.hpp">
      <Filter>ImGui</Filter>
    </ClInclude>
    <ClInclude Include="ImGui\imgui_impl_win32.h">
      <Filter>ImGui</Filter>
    </ClInclude>
    <ClInclude Include="ImGui\imgui_internal.h">
      <Filter>ImGui</Filter>
    </ClInclude>
    <ClInclude Include="ImGui\imstb_rectpack.h">
      <Filter>ImGui</Filter>
    </ClInclude>
    <ClInclude Include="ImGui\imstb_textedit.h">
      <Filter>ImGui</Filter>
    </ClInclude>
    <ClInclude Include="ImGui\imstb_truetype.h">
      <Filter>ImGui</Filter>
    </ClInclude>
    <ClInclude Include="Library\ObjectManager.h">
      <Filter>Library</Filter>
    </ClInclude>
    <ClInclude Include="Library\SceneManager.h">
      <Filter>Library</Filter>
    </ClInclude>
    <ClInclude Include="Library\Time.h">
      <Filter>Library</Filter>
    </ClInclude>
    <ClInclude Include="Library\Input.h">
      <Filter>Library</Filter>
    </ClInclude>
    <ClInclude Include="Source\global.h" />
    <ClInclude Include="Library\Object2D.h">
      <Filter>Library</Filter>
    </ClInclude>
    <ClInclude Include="Library\CsvReader.h">
      <Filter>Library</Filter>
    </ClInclude>
    <ClInclude Include="Source\TestScene.h">
      <Filter>Scene\[00]TestScene</Filter>
    </ClInclude>
    <ClInclude Include="Source\SceneFactory.h">
      <Filter>BootScene</Filter>
    </ClInclude>
    <ClInclude Include="Library\GuiButton.h">
      <Filter>Library</Filter>
    </ClInclude>
    <ClInclude Include="Library\GameSetting.h">
      <Filter>Library</Filter>
    </ClInclude>
    <ClInclude Include="Library\MyDxLib.h" />
    <ClInclude Include="Source\SettingScene.h">
      <Filter>Scene\SettingScene</Filter>
    </ClInclude>
    <ClInclude Include="Source\SettingPanel.h">
      <Filter>Scene\SettingScene</Filter>
    </ClInclude>
    <ClInclude Include="Source\Stage.h">
      <Filter>Scene\[04]PlayScene</Filter>
    </ClInclude>
    <ClInclude Include="Source\Ball2D.h">
      <Filter>Scene\[04]PlayScene</Filter>
    </ClInclude>
    <ClInclude Include="Source\ClearScene.h">
      <Filter>Scene\[09]ClearScene</Filter>
    </ClInclude>
    <ClInclude Include="Source\StageGimmick.h">
      <Filter>Scene\[04]PlayScene</Filter>
    </ClInclude>
  </ItemGroup>
  <ItemGroup>
    <Filter Include="Library">
      <UniqueIdentifier>{208c2106-181f-415c-a2e8-fa160c7f8651}</UniqueIdentifier>
    </Filter>
    <Filter Include="BootScene">
      <UniqueIdentifier>{4e7a122b-01b5-4a1f-bdd8-381c4cb2403d}</UniqueIdentifier>
    </Filter>
    <Filter Include="ImGui">
      <UniqueIdentifier>{a717257b-67b3-4bfa-834c-1e34032b33b0}</UniqueIdentifier>
    </Filter>
    <Filter Include="Scene">
      <UniqueIdentifier>{dc71e9b5-e9b1-430b-8fad-48cf0be97fac}</UniqueIdentifier>
    </Filter>
    <Filter Include="Scene\[00]TestScene">
      <UniqueIdentifier>{5e48e982-377e-4c3a-95ef-83de5365b706}</UniqueIdentifier>
    </Filter>
    <Filter Include="Scene\[01]TitleScene">
      <UniqueIdentifier>{a52f9c67-9c6c-4376-8f4c-07a10ecbc3db}</UniqueIdentifier>
    </Filter>
    <Filter Include="Scene\SettingScene">
      <UniqueIdentifier>{23aed95f-a345-42b1-bf66-cf9059c8726e}</UniqueIdentifier>
    </Filter>
    <Filter Include="Scene\[09]ClearScene">
      <UniqueIdentifier>{429c8176-0542-4701-b889-4f7e2a2d1b31}</UniqueIdentifier>
    </Filter>
    <Filter Include="Scene\[04]PlayScene">
      <UniqueIdentifier>{8123ada4-16d1-40da-a8f3-3f9e93aafb30}</UniqueIdentifier>
    </Filter>
    <Filter Include="Scene\[02]StageSelect">
      <UniqueIdentifier>{6db9443c-4271-4d94-bec8-52797f65d359}</UniqueIdentifier>
    </Filter>
    <Filter Include="Scene\[03]Load">
      <UniqueIdentifier>{a48a6d86-684c-4a2c-ba59-2c5c0a4cf76d}</UniqueIdentifier>
    </Filter>
  </ItemGroup>
</Project>